version = 1
revision = 3
requires-python = ">=3.13"

[[package]]
name = "betterproto"
version = "1.2.5"
source = { registry = "https://pypi.org/simple" }
dependencies = [
    { name = "grpclib" },
    { name = "stringcase" },
]
sdist = { url = "https://files.pythonhosted.org/packages/ff/2e/abfed7a721928e14aeb900182ff695be474c4ee5f07ef0874cc5ecd5b0b1/betterproto-1.2.5.tar.gz", hash = "sha256:74a3ab34646054f674d236d1229ba8182dc2eae86feb249b8590ef496ce9803d", size = 26098, upload-time = "2020-05-27T11:47:32.777Z" }

[[package]]
name = "grpclib"
version = "0.4.9"
source = { registry = "https://pypi.org/simple" }
dependencies = [
    { name = "h2" },
    { name = "multidict" },
]
sdist = { url = "https://files.pythonhosted.org/packages/5b/28/5a2c299ec82a876a252c5919aa895a6f1d1d35c96417c5ce4a4660dc3a80/grpclib-0.4.9.tar.gz", hash = "sha256:cc589c330fa81004c6400a52a566407574498cb5b055fa927013361e21466c46", size = 84798, upload-time = "2025-12-14T22:23:14.349Z" }
wheels = [
    { url = "https://files.pythonhosted.org/packages/5c/90/b0cbbd9efcc82816c58f31a34963071aa19fb792a212a5d9caf8e0fc3097/grpclib-0.4.9-py3-none-any.whl", hash = "sha256:7762ec1c8ed94dfad597475152dd35cbd11aecaaca2f243e29702435ca24cf0e", size = 77063, upload-time = "2025-12-14T22:23:13.224Z" },
]

[[package]]
name = "h2"
version = "4.4.1"
source = { registry = "https://pypi.org/simple" }
dependencies = [
    { name = "hpack" },
    { name = "hyperframe" },
]
sdist = { url = "https://files.pythonhosted.org/packages/e7/85/7c366e69d84c17bb778fe41419e1fbcce3033d5b7ce29bbffff0a98b859f/h2-4.4.1.tar.gz", hash = "sha256:4e866ffb1a869ae14dd9b5e6beb5c24a13da0495ad72b65925ded182521c1516", size = 2157281, upload-time = "2026-08-03T11:45:09.509Z" }
wheels = [
    { url = "https://files.pythonhosted.org/packages/7e/22/e85faf23bd72a92d1921e37d674ca56eb298a3c8be31fdecef0ff2b3aaac/h2-4.4.1-py3-none-any.whl", hash = "sha256:0e25f1462b23c9cb82d9eb02e28bc706dac2a68cb457c6a0d74d63c8a2a5d0e6", size = 62636, upload-time = "2026-08-03T11:44:59.164Z" },
]

[[package]]
name = "hpack"
version = "4.2.0"
source = { registry = "https://pypi.org/simple" }
sdist = { url = "https://files.pythonhosted.org/packages/26/5b/fcabf6028144a8723726318b07a32c2f3314acdff6265743cf08a344b18e/hpack-4.2.0.tar.gz", hash = "sha256:0895cfa3b5531fc65fe439c05eb65144f123bf7a394fcaa56aa423548d8e45c0", size = 51300, upload-time = "2026-06-23T18:34:46.667Z" }
wheels = [
    { url = "https://files.pythonhosted.org/packages/71/b4/4a9fcfb2aef6ba44d9073ecd301443aa00b3dac95de5619f2a7de7ec8a91/hpack-4.2.0-py3-none-any.whl", hash = "sha256:858ac0b02280fa582b5080d68db0899c62a80375e0e5413a74970c5e518b6986", size = 34246, upload-time = "2026-06-23T18:34:45.472Z" },
]

[[package]]
name = "hyperframe"
version = "6.1.0"
source = { registry = "https://pypi.org/simple" }
sdist = { url = "https://files.pythonhosted.org/packages/02/e7/94f8232d4a74cc99514c13a9f995811485a6903d48e5d952771ef6322e30/hyperframe-6.1.0.tar.gz", hash = "sha256:f630908a00854a7adeabd6382b43923a4c4cd4b821fcb527e6ab9e15382a3b08", size = 26566, upload-time = "2025-01-22T21:41:49.302Z" }
wheels = [
    { url = "https://files.pythonhosted.org/packages/48/30/47d0bf6072f7252e6521f3447ccfa40b421b6824517f82854703d0f5a98b/hyperframe-6.1.0-py3-none-any.whl", hash = "sha256:b03380493a519fce58ea5af42e4a42317bf9bd425596f7a0835ffce80f1a42e5", size = 13007, upload-time = "2025-01-22T21:41:47.295Z" },
]

[[package]]
name = "multidict"
version = "6.9.1"
source = { registry = "https://pypi.org/simple" }
sdist = { url = "https://files.pythonhosted.org/packages/d6/99/1d4d69c3512d0ddbfa3a1b69cfd9a151012ab2eb4eabbb096201b1f0b7d8/multidict-6.9.1.tar.gz", hash = "sha256:0f06e60fa190aa7abd0914c2a766736fdc8e9f34878c4346338534b73d1b20e2", size = 182404, upload-time = "2026-09-21T17:59:05.362Z" }
wheels = [
    { url = "https://files.pythonhosted.org/packages/eb/45/ddf7c76860f5f553a23ad3ca38463ccf5247081618977742c8dc4625355e/multidict-6.9.1-cp313-cp313-android_24_x86_64.whl", hash = "sha256:d7bf9e43282d69561618e8a0ea33368d532ebef42f15c096f427090521dd74f3", size = 63266, upload-time = "2026-09-21T17:55:42.676Z" },
    { url = "https://files.pythonhosted.org/packages/6d/d3/f4ae5945ea2de597eaeb4eca3a74c59783ace54482c9b49435442b63efa8/multidict-6.9.1-cp313-cp313-ios_13_0_arm64_iphoneos.whl", hash = "sha256:03d47df72f084f757c1cb771188d5f4e3a805e4abc4d67e32509272343ae9382", size = 55771, upload-time = "2026-09-21T17:55:44.016Z" },
    { url = "https://files.pythonhosted.org/packages/93/7d/15468239920040d01c686e5ae669e6382f7bf31fc3e5e0a6b8f1c3b32d3b/multidict-6.9.1-cp313-cp313-ios_13_0_arm64_iphonesimulator.whl", hash = "sha256:6bc94fe17c3c56e5418f79515b786b101845f70609b0d19d0c1ba13448e5633a", size = 57116, upload-time = "2026-09-21T17:55:45.315Z" },
    { url = "https://files.pythonhosted.org/packages/17/1b/b958f06aac2d8b1e485eb1c105b1b159cbf3868249e5142142451577dad2/multidict-6.9.1-cp313-cp313-macosx_10_13_universal2.whl", hash = "sha256:8f2973bbd2bebd9d2e0cd6394c1292a1a19ccd56bdcbe1e174059f1a39be5b40", size = 97692, upload-time = "2026-09-21T17:55:46.674Z" },
    { url = "https://files.pythonhosted.org/packages/93/6c/d6cfe18e61010166d7237d7527c775eb9843e7078feadea45b7628751b60/multidict-6.9.1-cp313-cp313-macosx_10_13_x86_64.whl", hash = "sha256:de7738b8c0bb74c4cc16bbd7fb49fc2bcf6430dba11b3432cd52768ae40933e8", size = 59556, upload-time = "2026-09-21T17:55:48.22Z" },
    { url = "https://files.pythonhosted.org/packages/46/46/9b4c1127cece0289fb207d04aae5116382ddfcb2a4dc8e0cb49a33f3c7b3/multidict-6.9.1-cp313-cp313-macosx_11_0_arm64.whl", hash = "sha256:e5ccad4b7bac125722f48d6f862bed3b514d8526deea06316bb72f152cd30a7c", size = 57357, upload-time = "2026-09-21T17:55:49.998Z" },
    { url = "https://files.pythonhosted.org/packages/bc/fc/c18b07100a6064573e49e538d13d47eb2b5221f48080512df78aef54ab04/multidict-6.9.1-cp313-cp313-manylinux1_i686.manylinux_2_28_i686.manylinux_2_5_i686.whl", hash = "sha256:a49ff5cdb33654cb7d6a3c377aa2a83ddefaa1db31eb10bcf3c180aa84f9af8a", size = 330433, upload-time = "2026-09-21T17:55:51.435Z" },
    { url = "https://files.pythonhosted.org/packages/62/ff/52a0082adeb69656b634609d4fb0ae65456deaae4cca3d5a12656626dc50/multidict-6.9.1-cp313-cp313-manylinux2014_aarch64.manylinux_2_17_aarch64.manylinux_2_28_aarch64.whl", hash = "sha256:b22ff30006a2f28f8bff878fb93413cbe3a4d1fd517c28081d848c90e9cfd2c8", size = 332487, upload-time = "2026-09-21T17:55:52.937Z" },
    { url = "https://files.pythonhosted.org/packages/39/3e/80bd4729635a7af371ff4dcc312594cf96e73f98854491be8740792de430/multidict-6.9.1-cp313-cp313-manylinux2014_armv7l.manylinux_2_17_armv7l.manylinux_2_31_armv7l.whl", hash = "sha256:3adf06c66041aa21eeb8a71e82379b74773298c8e6d3d839b151aae441a99b94", size = 316911, upload-time = "2026-09-21T17:55:54.751Z" },
    { url = "https://files.pythonhosted.org/packages/15/f4/7ea4a907e053e924e2e1694d90560f79f72056504bfd5e8483695f9527d2/multidict-6.9.1-cp313-cp313-manylinux2014_ppc64le.manylinux_2_17_ppc64le.manylinux_2_28_ppc64le.whl", hash = "sha256:963a8d8f97057082679523d0fd4c53a38f86bc58cabe4556faef682ae53fa2fa", size = 344950, upload-time = "2026-09-21T17:55:56.5Z" },
    { url = "https://files.pythonhosted.org/packages/0d/16/9642ae41fbfbdc546aa481c2b07ae1bc087a94ab5f5020b4d9ab77da401f/multidict-6.9.1-cp313-cp313-manylinux2014_s390x.manylinux_2_17_s390x.manylinux_2_28_s390x.whl", hash = "sha256:b66ccc5c2cdd26e74fa5d4c29ffae424cc6148bf93ce574821783fb3b6d452c5", size = 350264, upload-time = "2026-09-21T17:55:58.073Z" },
    { url = "https://files.pythonhosted.org/packages/93/f2/e06c8e42074d0a4b8419bfe92afbd1d262190b69549ecbcd2dffa4f103c2/multidict-6.9.1-cp313-cp313-manylinux2014_x86_64.manylinux_2_17_x86_64.manylinux_2_28_x86_64.whl", hash = "sha256:7fd79c521f6290c69125fa2b85fa65d9e657e6a8ffaf722dc881b926bef4aa5c", size = 336213, upload-time = "2026-09-21T17:55:59.723Z" },
    { url = "https://files.pythonhosted.org/packages/98/43/d7cf9ef4700e7c25244590d1b4f20cf12cbed86beba6c17be4d9e48c1099/multidict-6.9.1-cp313-cp313-manylinux_2_31_riscv64.manylinux_2_39_riscv64.whl", hash = "sha256:1d804e4caf5d5da37d6dac1325da5629ebef1e27a294c2b568b295814aa36c7b", size = 302555, upload-time = "2026-09-21T17:56:01.666Z" },
    { url = "https://files.pythonhosted.org/packages/7d/3a/54209920324bc3928f5f2ba28b01a6dd957a9d48c3aaff77e38faaf5668d/multidict-6.9.1-cp313-cp313-musllinux_1_2_aarch64.whl", hash = "sha256:bb0d664505f4b112f384cffeee82e91e3f6448d8e574989479db4439b68cba05", size = 322247, upload-time = "2026-09-21T17:56:03.265Z" },
    { url = "https://files.pythonhosted.org/packages/33/50/df96f961b178b621ab0adbf9221d4fd21534e1064fd9f5e85c1fa27fea55/multidict-6.9.1-cp313-cp313-musllinux_1_2_armv7l.whl", hash = "sha256:9e14d17773b1b3c758ff153659a1824608a0cb562c45f484b5ed8a433428444a", size = 321787, upload-time = "2026-09-21T17:56:04.894Z" },
    { url = "https://files.pythonhosted.org/packages/a7/9b/37f354562a8f82f9c1f63d3a94300fc82126d50320175f0702bbd544f87c/multidict-6.9.1-cp313-cp313-musllinux_1_2_i686.whl", hash = "sha256:083735b7f395894e43adb278d5dae901448883a835ff8f1977e285fefdb10418", size = 335498, upload-time = "2026-09-21T17:56:06.783Z" },
    { url = "https://files.pythonhosted.org/packages/1e/44/78e366efc6c004185295cc9eb9711c10f13eadf3b547603b9c5526329976/multidict-6.9.1-cp313-cp313-musllinux_1_2_ppc64le.whl", hash = "sha256:b65121091567847a8cb520d364ab22ba90e00d3cc55fa9eb34bb439f0684bcd1", size = 338244, upload-time = "2026-09-21T17:56:09.162Z" },
    { url = "https://files.pythonhosted.org/packages/ad/2b/ab5bd3964691abe4d14b43bdbdb8a621b77cea2ca352dc93159ec0a4575b/multidict-6.9.1-cp313-cp313-musllinux_1_2_riscv64.whl", hash = "sha256:ea999ae6e80e66ad5eea287860951b033d0104ca34d6d87c7b5125ebe0e12721", size = 301641, upload-time = "2026-09-21T17:56:11.227Z" },
    { url = "https://files.pythonhosted.org/packages/ea/a8/f6bc899f5aafaba755edc8e4bb934bc00b1e405f8d3fbc1dd10283738074/multidict-6.9.1-cp313-cp313-musllinux_1_2_s390x.whl", hash = "sha256:095d900c242e00fbe5f321ee072e7278b4153e78c5ce9c1efde167d62c1e4771", size = 340162, upload-time = "2026-09-21T17:56:13.076Z" },
    { url = "https://files.pythonhosted.org/packages/eb/03/a8fc809ef364b8c231c065ea2ea2f97ae86d4f9a0e36b5721759fd606778/multidict-6.9.1-cp313-cp313-musllinux_1_2_x86_64.whl", hash = "sha256:6441cc837aea58be7d9baef1b2383eb8311ab9303f500f99ac90b584cd78bb14", size = 332826, upload-time = "2026-09-21T17:56:15.175Z" },
    { url = "https://files.pythonhosted.org/packages/f2/27/32dde80245e2024e9bb7a6ca3c2fb7c695dc74014cba557cc35be6f91e24/multidict-6.9.1-cp313-cp313-win32.whl", hash = "sha256:9c4880d017555d70dea367dd49271830842d48e3891c2da97da7ce8c4abcee40", size = 52378, upload-time = "2026-09-21T17:56:16.959Z" },
    { url = "https://files.pythonhosted.org/packages/be/78/1bac2987edac273a6b27fa50e9204bc3466c94a7b4f6a44828d730f8810f/multidict-6.9.1-cp313-cp313-win_amd64.whl", hash = "sha256:ac51cd64bae51c462ea58ad2492c9b8209667a4ef60c45c4a304518b67598d5d", size = 59449, upload-time = "2026-09-21T17:56:18.336Z" },
    { url = "https://files.pythonhosted.org/packages/e1/32/2a77ce19eea48cb9b3521a202b513ba3349aafa702c8317be0b645ffb74b/multidict-6.9.1-cp313-cp313-win_arm64.whl", hash = "sha256:37a9ebe00c698279213d56e6c64e1962ab1e092918270649b397cac3dc196ca4", size = 54713, upload-time = "2026-09-21T17:56:19.774Z" },
    { url = "https://files.pythonhosted.org/packages/ec/0f/c6041015aa2cdc11e1dff0cae58898ae5525d19e35efd65a4ecf3c6ea235/multidict-6.9.1-cp314-cp314-android_24_x86_64.whl", hash = "sha256:fc0dcb22fa9aeabfe3fa4e0430099acff985ec5d77a851382f76cc6146e780e5", size = 62336, upload-time = "2026-09-21T17:56:21.181Z" },
    { url = "https://files.pythonhosted.org/packages/23/db/95bd0afb130a0149c955f1f066143528d60864e64f41ff5a1e1313609361/multidict-6.9.1-cp314-cp314-ios_13_0_arm64_iphoneos.whl", hash = "sha256:024123f0ab402ab33828e24eb80fa8f25167d0d3783ba5f287e39ed741e6abf9", size = 54892, upload-time = "2026-09-21T17:56:22.63Z" },
    { url = "https://files.pythonhosted.org/packages/94/cc/8aa34ae8d09498e8da003f485c03371b55cf1bc6d56cff861b3a7de61251/multidict-6.9.1-cp314-cp314-ios_13_0_arm64_iphonesimulator.whl", hash = "sha256:af1b5a92315048c3e36bbebfa7d4760a9c3e910bc4166f11b20d77d20d6bcfca", size = 56251, upload-time = "2026-09-21T17:56:24.36Z" },
    { url = "https://files.pythonhosted.org/packages/52/48/22baa3b95375096369b04c4348af14139570f302f951773d2c68bf0ccf2e/multidict-6.9.1-cp314-cp314-macosx_10_15_universal2.whl", hash = "sha256:b2483da477932ad1983d1d33c18bc3771c6fb00cfbaaed70a875fd547ef8e840", size = 96345, upload-time = "2026-09-21T17:56:25.777Z" },
    { url = "https://files.pythonhosted.org/packages/2f/3e/b96779dcac28ec6d491fd821112a0156b519b6701bba186cdf6f6df737f4/multidict-6.9.1-cp314-cp314-macosx_10_15_x86_64.whl", hash = "sha256:db4d697b18b6ef5528b1f36bfa25072cd2a421869f5963bc0e92c8a34b9e2800", size = 58901, upload-time = "2026-09-21T17:56:27.364Z" },
    { url = "https://files.pythonhosted.org/packages/f9/b4/8e6d950f02ca6ecc00ecf671f2ddb5dab7017671a8d197326f75621f5786/multidict-6.9.1-cp314-cp314-macosx_11_0_arm64.whl", hash = "sha256:854fd2f1bc6e8a56b89910b5cd7261a8b40f13ebb31572da985ce59c7da0886d", size = 56491, upload-time = "2026-09-21T17:56:28.901Z" },
    { url = "https://files.pythonhosted.org/packages/ed/8f/212ed7e03282c7bc271e3796bf985b53d5727c2827361e3dd9c5ee6b093f/multidict-6.9.1-cp314-cp314-manylinux1_i686.manylinux_2_28_i686.manylinux_2_5_i686.whl", hash = "sha256:03731f6fc036180700c9dc2308205a48e5ca6f3ff03087739ab746f294022201", size = 332297, upload-time = "2026-09-21T17:56:30.495Z" },
    { url = "https://files.pythonhosted.org/packages/a0/97/555aab000e03ecba85c0a1837fd5674d8bf10949490df7800da3a40660ce/multidict-6.9.1-cp314-cp314-manylinux2014_aarch64.manylinux_2_17_aarch64.manylinux_2_28_aarch64.whl", hash = "sha256:989261c5f1735a165f2e4e87cf6d5f17ab734fa18f9ad0383d5adfcdaefce701", size = 329197, upload-time = "2026-09-21T17:56:32.652Z" },
    { url = "https://files.pythonhosted.org/packages/3d/25/f3539b5bdc147beba66015795dfe589eedcc580348fb1a8c69b1df4196b5/multidict-6.9.1-cp314-cp314-manylinux2014_armv7l.manylinux_2_17_armv7l.manylinux_2_31_armv7l.whl", hash = "sha256:b4c9e5d05b126b267ac048a89a0e2d9b48b1b648add62d4872906304a8590610", size = 308456, upload-time = "2026-09-21T17:56:34.657Z" },
    { url = "https://files.pythonhosted.org/packages/1e/7d/4665cad8fc326787d218879be879d86dfe32f006c1f88ae47b04d3b52fd5/multidict-6.9.1-cp314-cp314-manylinux2014_ppc64le.manylinux_2_17_ppc64le.manylinux_2_28_ppc64le.whl", hash = "sha256:9d0a21cf76153de8f2d96a877991d6bc59b9ab5180b949e50db73cc193b4a694", size = 343382, upload-time = "2026-09-21T17:56:36.606Z" },
    { url = "https://files.pythonhosted.org/packages/41/01/e1e9abe27f492b22dede492bc423015597412b14ce074f7475f4ecd80185/multidict-6.9.1-cp314-cp314-manylinux2014_s390x.manylinux_2_17_s390x.manylinux_2_28_s390x.whl", hash = "sha256:e7386aa18d98d6b8af44b92173654ec469237fda35f8e8523e43b581a86f476a", size = 346848, upload-time = "2026-09-21T17:56:38.344Z" },
    { url = "https://files.pythonhosted.org/packages/f8/e5/8d54118bc228e64e1087f1729647b93bbea225eda4a3f914663a6f410bca/multidict-6.9.1-cp314-cp314-manylinux2014_x86_64.manylinux_2_17_x86_64.manylinux_2_28_x86_64.whl", hash = "sha256:b69651732c64afb691e50cdc3387cae305e0eeff8804fe3e3ce203876494932a", size = 333612, upload-time = "2026-09-21T17:56:40.041Z" },
    { url = "https://files.pythonhosted.org/packages/76/e1/9509dafc1fc68948e75842a74533ddfa64af57f2b17810e9cacfa68a829b/multidict-6.9.1-cp314-cp314-manylinux_2_31_riscv64.manylinux_2_39_riscv64.whl", hash = "sha256:1fee9a16d88a1c4865610de31ef5c666671020d7a81d1f510eaf3c97d00ebeba", size = 304246, upload-time = "2026-09-21T17:56:42.313Z" },
    { url = "https://files.pythonhosted.org/packages/1d/b6/96b93808e1bec0b51d49d89859e49b82a94f7b2e58eca0fc44ffcafd3ae5/multidict-6.9.1-cp314-cp314-musllinux_1_2_aarch64.whl", hash = "sha256:7814bbee202acd3bd240204c17d8b87a4c48c81064fd8674dbe527d94d5a4290", size = 321983, upload-time = "2026-09-21T17:56:44.399Z" },
    { url = "https://files.pythonhosted.org/packages/d9/1c/08e5184df026b9d8e05a6dce5da22628e46bc4a7c7f03b8bf3c6939a8c46/multidict-6.9.1-cp314-cp314-musllinux_1_2_armv7l.whl", hash = "sha256:95f273bea318a194f656527ee2ed19494327bc500b8e87d9358e3222579aa28d", size = 315927, upload-time = "2026-09-21T17:56:46.208Z" },
    { url = "https://files.pythonhosted.org/packages/d7/5d/9ff39e7387f6fcc9a81af5dbf055fde08149849a04f8df10ca5b086b0d39/multidict-6.9.1-cp314-cp314-musllinux_1_2_i686.whl", hash = "sha256:73bcafa21a78d0776b3ee7cd2a63c66f968eb7db8e8d594e32d7329950f6e828", size = 336827, upload-time = "2026-09-21T17:56:48.021Z" },
    { url = "https://files.pythonhosted.org/packages/5a/be/30fbb2cab22203128928066de94be247dc9a3230bf2bfc54437ac3b5f9f7/multidict-6.9.1-cp314-cp314-musllinux_1_2_ppc64le.whl", hash = "sha256:1a938761c77e0e6edb0c93d02f4e988d44a69e5195e5a3b893e5553311347132", size = 336317, upload-time = "2026-09-21T17:56:49.778Z" },
    { url = "https://files.pythonhosted.org/packages/bf/f0/2480aef6b7d8e7ab89b064ae14f12ec069570dab3a5c13e0155912293247/multidict-6.9.1-cp314-cp314-musllinux_1_2_riscv64.whl", hash = "sha256:37245ca4105386194dd1d292a6f2aae09bfe1bd7ac6f9ec25093e3cf8e9b143b", size = 303258, upload-time = "2026-09-21T17:56:51.829Z" },
    { url = "https://files.pythonhosted.org/packages/4c/04/dbe59cf4ea3778600e8e70e30b31aa9118ad6da2844bc9f717804cbaa000/multidict-6.9.1-cp314-cp314-musllinux_1_2_s390x.whl", hash = "sha256:f0700527dd5bfa8b7204b08330542f4f388899d3c14d885d8a368992e0eb562d", size = 337232, upload-time = "2026-09-21T17:56:53.537Z" },
    { url = "https://files.pythonhosted.org/packages/f4/8c/abe55548f06f12878588f08eb803c5a391283f01243f784cb00adac79231/multidict-6.9.1-cp314-cp314-musllinux_1_2_x86_64.whl", hash = "sha256:6b7e54fd883671d1a8810704851c044b7173287c552b9f5c3d9e0eb9f00ae194", size = 330261, upload-time = "2026-09-21T17:56:55.335Z" },
    { url = "https://files.pythonhosted.org/packages/d0/f1/ba67f668478f152bdfa18abe72e7588bd078bf8b42c172fcf542fcf45826/multidict-6.9.1-cp314-cp314-win32.whl", hash = "sha256:e81ae656b9935ac4528a71f96bb7a14d949778ed1897c573d3e7ebb9187f8841", size = 51715, upload-time = "2026-09-21T17:56:57.048Z" },
    { url = "https://files.pythonhosted.org/packages/33/81/014bb2128aedc8157d2848f0ec8a0209c6b822fb88deea012834e1c4a4e8/multidict-6.9.1-cp314-cp314-win_amd64.whl", hash = "sha256:acddcac38adc8342ba48aba98896faa7928854bebb62542362138655b5367ee3", size = 58621, upload-time = "2026-09-21T17:56:58.531Z" },
    { url = "https://files.pythonhosted.org/packages/66/34/8f43c03c2d8821a2320b8c560d8a49d0be2920627edfac3f546922f91969/multidict-6.9.1-cp314-cp314-win_arm64.whl", hash = "sha256:32217133dddc58c927805cf6c0731d8144584176b768042ee886d51e71860bc9", size = 53959, upload-time = "2026-09-21T17:57:00.15Z" },
    { url = "https://files.pythonhosted.org/packages/08/64/4f2a5eeea10b6d42634ba168ec6efc732ef218772e57b8239cd485c202f6/multidict-6.9.1-cp314-cp314t-macosx_10_15_universal2.whl", hash = "sha256:0b2fb8c349d1103863750b5d8cb5ace766917f4b35f3d883c8f778853eaa9f76", size = 107694, upload-time = "2026-09-21T17:57:01.785Z" },
    { url = "https://files.pythonhosted.org/packages/32/ce/c68d08ac2096c1528ff20d77fd10f7e401db3e534ac5a1c7726e36a77c2f/multidict-6.9.1-cp314-cp314t-macosx_10_15_x86_64.whl", hash = "sha256:56d834b74c993a7d7cb2b8ab33a0d55c3e0d4a3d2f2da2808a4ad3d79189711b", size = 64766, upload-time = "2026-09-21T17:57:03.52Z" },
    { url = "https://files.pythonhosted.org/packages/3a/9a/9f5c270c88fe289b4876fe28f9932a70e015a7916aff1e5b0325f7597b11/multidict-6.9.1-cp314-cp314t-macosx_11_0_arm64.whl", hash = "sha256:783ba7d845d79ce976afd9c1e91a4e5714671defa198ee789e8b23316083a485", size = 62723, upload-time = "2026-09-21T17:57:05.104Z" },
    { url = "https://files.pythonhosted.org/packages/7c/63/c9a0b131354dd949426166cef712d708f436a8cf261114f8d5d2aec440ca/multidict-6.9.1-cp314-cp314t-manylinux1_i686.manylinux_2_28_i686.manylinux_2_5_i686.whl", hash = "sha256:4d718fa1b5f0d0dd75e86fbbc5b0c93ea3a5d65216c85c61cd5d7cdddfe08455", size = 290445, upload-time = "2026-09-21T17:57:06.687Z" },
    { url = "https://files.pythonhosted.org/packages/9d/41/ed27d1d20ba91f4e13e8f7dcfaa592614ae0e1d5f45e03171d23c3b098ac/multidict-6.9.1-cp314-cp314t-manylinux2014_aarch64.manylinux_2_17_aarch64.manylinux_2_28_aarch64.whl", hash = "sha256:a313bad717dde740959d50850c315b75fd4eb0c5e6b4dc8535db0f1c369be125", size = 304375, upload-time = "2026-09-21T17:57:08.717Z" },
    { url = "https://files.pythonhosted.org/packages/66/6f/a7b26167173c3b73d6e5ebb0856c5154ad005156c3a2fa4062329921819c/multidict-6.9.1-cp314-cp314t-manylinux2014_armv7l.manylinux_2_17_armv7l.manylinux_2_31_armv7l.whl", hash = "sha256:ef01d29fca550ab871fd99154f82c6472aacf8e7def272dfb07b460123850390", size = 281746, upload-time = "2026-09-21T17:57:10.713Z" },
    { url = "https://files.pythonhosted.org/packages/34/1d/da27bdd49b0cb84263288f5f48dbd915f2d17fd228fee2078ca607e80277/multidict-6.9.1-cp314-cp314t-manylinux2014_ppc64le.manylinux_2_17_ppc64le.manylinux_2_28_ppc64le.whl", hash = "sha256:0f3bd290711c6e9486173a6ee7cd4e7f00c3971c7908c1ec1b6e5437c5e4c6f9", size = 311499, upload-time = "2026-09-21T17:57:12.467Z" },
    { url = "https://files.pythonhosted.org/packages/d0/36/ab0299a7abf53e38ff75d96c64480f1e2ff8edde985f93f7a1ad5e08bd94/multidict-6.9.1-cp314-cp314t-manylinux2014_s390x.manylinux_2_17_s390x.manylinux_2_28_s390x.whl", hash = "sha256:81cdc537e0a42e3c0170752fcadbe450246d5c3b4b7231d6eb9672456605ac94", size = 313553, upload-time = "2026-09-21T17:57:14.548Z" },
    { url = "https://files.pythonhosted.org/packages/5a/44/e21be702efc9c9ba097c8be874c68860b1cb6cf9c85611263039bf95b37e/multidict-6.9.1-cp314-cp314t-manylinux2014_x86_64.manylinux_2_17_x86_64.manylinux_2_28_x86_64.whl", hash = "sha256:8b193bf7a443c97d81c47052f60c486071a4bdef4a573fa2514f920089414d45", size = 299898, upload-time = "2026-09-21T17:57:16.192Z" },
    { url = "https://files.pythonhosted.org/packages/00/8d/e93bc0dc947c7f872e502cfaa7ad9d98f001e1c93cfa6f4940457a6e187a/multidict-6.9.1-cp314-cp314t-manylinux_2_31_riscv64.manylinux_2_39_riscv64.whl", hash = "sha256:7a0c98f6a636adf0d7edd60c61589eaf52d149239af754d0bfeb0effedba53a8", size = 273054, upload-time = "2026-09-21T17:57:17.793Z" },
    { url = "https://files.pythonhosted.org/packages/5e/c9/945b44493fbe7af26ffe1e43c506b376daeab070fc1a0923bef9bbf572eb/multidict-6.9.1-cp314-cp314t-musllinux_1_2_aarch64.whl", hash = "sha256:6e6b7e3a1520c39a2772f414cd9ddf5995f77e4e823dfa1522af383addd465a3", size = 294751, upload-time = "2026-09-21T17:57:19.631Z" },
    { url = "https://files.pythonhosted.org/packages/24/79/0969a9b38b814e5fa3af1b0a57708c49b3d9b3d55c208bac6e98b87bb028/multidict-6.9.1-cp314-cp314t-musllinux_1_2_armv7l.whl", hash = "sha256:ca65cced0d67a9039e93bcd98a369920e499bf98296844ff56ead01c9085321f", size = 284523, upload-time = "2026-09-21T17:57:21.313Z" },
    { url = "https://files.pythonhosted.org/packages/1d/1e/c32ddf53234c228b1a374ddabca19f542ac7f32752f5155982abe2304833/multidict-6.9.1-cp314-cp314t-musllinux_1_2_i686.whl", hash = "sha256:372c063f37480f62c1ae32dc3a1a0a5942b180c883f99789075a8a8ec3c4e709", size = 290275, upload-time = "2026-09-21T17:57:23.206Z" },
    { url = "https://files.pythonhosted.org/packages/5d/09/7a99a3daafd987330abb865a2d36e432fd8bf18e790ddda55c5de15eb98f/multidict-6.9.1-cp314-cp314t-musllinux_1_2_ppc64le.whl", hash = "sha256:827c92145b3b976b39430129c89d213b250dacbe5fce678e9a03940e6e848983", size = 303350, upload-time = "2026-09-21T17:57:25.086Z" },
    { url = "https://files.pythonhosted.org/packages/2e/09/7e6ebaecc4e226d7fe27973c271d58b75c14c24e84c23736d21dc39997dd/multidict-6.9.1-cp314-cp314t-musllinux_1_2_riscv64.whl", hash = "sha256:9b0124b9c17e9890f0819b2e7a5f65ec9a2f5aabd6c8e7ad090c1675cf70dee6", size = 272232, upload-time = "2026-09-21T17:57:27.193Z" },
    { url = "https://files.pythonhosted.org/packages/1f/6e/420e9e879b21cbdb5036214ee238efabcfab7bf262d3fc124132050f79ff/multidict-6.9.1-cp314-cp314t-musllinux_1_2_s390x.whl", hash = "sha256:23136f5a564654eb61061ec6d5620a4c1ea32c8f552b65e9982a12b72bff601b", size = 300525, upload-time = "2026-09-21T17:57:29.004Z" },
    { url = "https://files.pythonhosted.org/packages/b7/7f/c6b0896850b3ceb190ca302760d63148843371f027c5dde3d1d732343a08/multidict-6.9.1-cp314-cp314t-musllinux_1_2_x86_64.whl", hash = "sha256:f2524ec55b3e65cbe235a8b3c36e2af3b635be02ed05e20c94e70c5c943c009e", size = 295933, upload-time = "2026-09-21T17:57:30.837Z" },
    { url = "https://files.pythonhosted.org/packages/29/f2/f0ff3384a756227741c72f4ee94cadf1f9900df0ae961e48639f96115b1c/multidict-6.9.1-cp314-cp314t-win32.whl", hash = "sha256:35ba0263bae5dd3ad5aad767cc9afc01a8598c7dae30f1b3b2de98b1b32c28bd", size = 57776, upload-time = "2026-09-21T17:57:32.835Z" },
    { url = "https://files.pythonhosted.org/packages/8d/87/013e1eed30ad46bec1eb68947bc9caf55ba2fd0d6aed04fe964e3b44c23b/multidict-6.9.1-cp314-cp314t-win_amd64.whl", hash = "sha256:7c8d5882ba25ac0282258be435d8a05aa0cbcacfce15799154a338f847f159b9", size = 64881, upload-time = "2026-09-21T17:57:34.489Z" },
    { url = "https://files.pythonhosted.org/packages/7f/95/64dd049bb4c53426e2fee7afb874daaa8b4426c41878785883a94511ecf8/multidict-6.9.1-cp314-cp314t-win_arm64.whl", hash = "sha256:ac348379cf4de5538a0a213be1532d289aa801ec5d267c5909446b9ea2f8e2c3", size = 58582, upload-time = "2026-09-21T17:57:36.19Z" },
    { url = "https://files.pythonhosted.org/packages/a2/2c/26bc1723592cfe965b575652a7749026474b0625b04b04564e1fba265dc5/multidict-6.9.1-cp315-cp315-android_24_x86_64.whl", hash = "sha256:f04551dce5a7db8c9659f2e4245494c182d0663b83661803e08d46bfcae5eda1", size = 62339, upload-time = "2026-09-21T17:57:37.967Z" },
    { url = "https://files.pythonhosted.org/packages/bd/c5/614d2eb9995232d066aae7f17d1d454060b6b5d882b22fbaf6150b05ef1d/multidict-6.9.1-cp315-cp315-ios_13_0_arm64_iphoneos.whl", hash = "sha256:c0c88085affd35c33e124e36930c5ad96aff9294ce195eaa0fd9cec962b64a82", size = 55009, upload-time = "2026-09-21T17:57:39.746Z" },
    { url = "https://files.pythonhosted.org/packages/7f/24/f7179ecdf9cdd3581ace3292c3b883a1a500a374aa4e619bf6eb521c62e5/multidict-6.9.1-cp315-cp315-ios_13_0_arm64_iphonesimulator.whl", hash = "sha256:a8b75dd3d3638d9a19f23e84af4ffab3b8940422c0df2da2a77005ef5aa3d7ea", size = 56273, upload-time = "2026-09-21T17:57:41.544Z" },
    { url = "https://files.pythonhosted.org/packages/ac/72/c9dffcecccd1f8b9a58f960ec4eaecab62c4edb08d5bb984d4de67fe3fdb/multidict-6.9.1-cp315-cp315-macosx_10_15_universal2.whl", hash = "sha256:006c4478de0a1876f4834e14255776286f09b9846b505fe63f67f9d173a9487c", size = 96390, upload-time = "2026-09-21T17:57:43.385Z" },
    { url = "https://files.pythonhosted.org/packages/e9/3f/76542360e655cecdb7c158c7af88c69c4db0d2aac3421659d41214927229/multidict-6.9.1-cp315-cp315-macosx_10_15_x86_64.whl", hash = "sha256:2784090c30a586d5b45197bd9c32f87fb927216cde302f6cfd76d76577e90f08", size = 58900, upload-time = "2026-09-21T17:57:45.105Z" },
    { url = "https://files.pythonhosted.org/packages/04/15/f28c71af461dd4ff15653a165cfd8ddaf01f3387ff80d2dd0de057d527d0/multidict-6.9.1-cp315-cp315-macosx_11_0_arm64.whl", hash = "sha256:7c708566da8014b120a64b1eb6d200c6c0c8cb36296383723cdb6fc82038270b", size = 56540, upload-time = "2026-09-21T17:57:46.913Z" },
    { url = "https://files.pythonhosted.org/packages/19/de/5ee4050c3ddad88c605a89fc1cd18e89abd40a64f183e6fb5276b6eb7f52/multidict-6.9.1-cp315-cp315-manylinux1_i686.manylinux_2_28_i686.manylinux_2_5_i686.whl", hash = "sha256:042fb0196047e786936a730bd302de83143950da45f2c16078da8f35e1cf7919", size = 331818, upload-time = "2026-09-21T17:57:48.825Z" },
    { url = "https://files.pythonhosted.org/packages/70/e2/2d4e3c3ee70f583334ff236fe6a3babf7a05ce56169a15df65453af647c0/multidict-6.9.1-cp315-cp315-manylinux2014_aarch64.manylinux_2_17_aarch64.manylinux_2_28_aarch64.whl", hash = "sha256:a2212a0c842c723d919ea4a22a9296cb6b244b386e4e6ea92adfc7fbf3095519", size = 329800, upload-time = "2026-09-21T17:57:50.91Z" },
    { url = "https://files.pythonhosted.org/packages/d6/14/f64bd05667343a7250cdd99f81bda2270e3959f00832441f10c7f904e1c1/multidict-6.9.1-cp315-cp315-manylinux2014_armv7l.manylinux_2_17_armv7l.manylinux_2_31_armv7l.whl", hash = "sha256:fd882aa29bf402b62bf1fd7c19fd5df4b6528cf468a908864b39368572b662a9", size = 312048, upload-time = "2026-09-21T17:57:53.053Z" },
    { url = "https://files.pythonhosted.org/packages/64/bf/a91256ce00199e7544e3eda79c4e9544eb7388c38fa22f11638c2e357ccb/multidict-6.9.1-cp315-cp315-manylinux2014_ppc64le.manylinux_2_17_ppc64le.manylinux_2_28_ppc64le.whl", hash = "sha256:c57541034d12b215ab0a2bfa371d1a8a198da18176d0426c27105b9161a6862d", size = 343676, upload-time = "2026-09-21T17:57:55.069Z" },
    { url = "https://files.pythonhosted.org/packages/14/48/628b978413518159228c2b2ec38645362ceb6427e935d83d716e26490a49/multidict-6.9.1-cp315-cp315-manylinux2014_s390x.manylinux_2_17_s390x.manylinux_2_28_s390x.whl", hash = "sha256:d73fed4e37158ff00cd271871170b79e40138db51e625fd352fa17c6acb34f67", size = 347028, upload-time = "2026-09-21T17:57:57.157Z" },
    { url = "https://files.pythonhosted.org/packages/8c/73/5f9dc2b5ac7dd7a82458ae9cd283b99c185834f23442ace295362dcc5e45/multidict-6.9.1-cp315-cp315-manylinux2014_x86_64.manylinux_2_17_x86_64.manylinux_2_28_x86_64.whl", hash = "sha256:79da2491348b30810728050b4a8ec0416f85884125c2fd44655b3d01150d9c3e", size = 335670, upload-time = "2026-09-21T17:57:59.126Z" },
    { url = "https://files.pythonhosted.org/packages/f8/84/6f319ee000f5ab3fa0055b194ad706fddd552c60c76a21d581c87db1d46c/multidict-6.9.1-cp315-cp315-manylinux_2_31_riscv64.manylinux_2_39_riscv64.whl", hash = "sha256:b4da208a63434d21a3df64d29758e650fc4aa8cb05848554b76949c296539cca", size = 307804, upload-time = "2026-09-21T17:58:01.2Z" },
    { url = "https://files.pythonhosted.org/packages/3f/24/61be5fe1616d033532e8d63dc789c0f35b9793917834713eefe050589ba9/multidict-6.9.1-cp315-cp315-musllinux_1_2_aarch64.whl", hash = "sha256:877ca17fdcfdf5c397493a71e5ff97a87bb181417fe717fdadc77c08c09301ac", size = 323409, upload-time = "2026-09-21T17:58:03.383Z" },
    { url = "https://files.pythonhosted.org/packages/22/a6/eab8aaf59892169a0f4e8e78a5516a6caa6abd8e96e6410111258f4ef0ef/multidict-6.9.1-cp315-cp315-musllinux_1_2_armv7l.whl", hash = "sha256:40aec5299e1ed71fbb988389059da381c3c1a60e0c649acceb2a35d9b128848e", size = 315746, upload-time = "2026-09-21T17:58:05.372Z" },
    { url = "https://files.pythonhosted.org/packages/42/b1/d1e14bab80a74babf6e2ac971a878b84fdcf3a972f3ec3400ca12260fac5/multidict-6.9.1-cp315-cp315-musllinux_1_2_i686.whl", hash = "sha256:4a409ccc42aefec904038695d5d7fd6d8f3af2721b7b6401d55135ec7d6d298e", size = 334529, upload-time = "2026-09-21T17:58:07.35Z" },
    { url = "https://files.pythonhosted.org/packages/f5/50/a05b1d36f6d3363a5a334cebbf11624c9c7a69d66fd23345eb53b1d43b7e/multidict-6.9.1-cp315-cp315-musllinux_1_2_ppc64le.whl", hash = "sha256:0a5769559e3312dd96731fbe15b4abb6033368ac1cad5a98dadd21946a4c7d6c", size = 336455, upload-time = "2026-09-21T17:58:09.112Z" },
    { url = "https://files.pythonhosted.org/packages/cd/0d/bf33cb097380252b08e1177b5ae0cab822c47ce80d236f3f724953c76721/multidict-6.9.1-cp315-cp315-musllinux_1_2_riscv64.whl", hash = "sha256:03fac50ddfd8302175b77863a015eccfae76767cda5506eef86df559ba861e1f", size = 305865, upload-time = "2026-09-21T17:58:10.921Z" },
    { url = "https://files.pythonhosted.org/packages/ba/ee/a2bd133391204b1cec5a5caf327dc9a06710439b7403220860a8fb164560/multidict-6.9.1-cp315-cp315-musllinux_1_2_s390x.whl", hash = "sha256:5ecace251ccfa705bf3d7d35c5032cf750f5c629809740405697bce5c118c4a4", size = 337531, upload-time = "2026-09-21T17:58:12.846Z" },
    { url = "https://files.pythonhosted.org/packages/a8/32/c0972486f81a06c3bbb23063c85afaac53c51608f7e35bcb101a1006408b/multidict-6.9.1-cp315-cp315-musllinux_1_2_x86_64.whl", hash = "sha256:ecc89dbd4155b2f8a47f4bbd89242a35ed15e8e0ec581cab5ac65fa38407329d", size = 332464, upload-time = "2026-09-21T17:58:14.673Z" },
    { url = "https://files.pythonhosted.org/packages/69/4f/5cbbe852b45d8a7f0ab3ed042386e4894e463010eb230603596cb15d0fee/multidict-6.9.1-cp315-cp315-win32.whl", hash = "sha256:a3ffe881246d28a862f1985824f484cb7361f44d6b99c4c620436ef56462f38d", size = 51714, upload-time = "2026-09-21T17:58:16.409Z" },
    { url = "https://files.pythonhosted.org/packages/d4/77/1fa118386deeae4e7a48870fa5cb073e748b0ac5265a6990651cefc48068/multidict-6.9.1-cp315-cp315-win_amd64.whl", hash = "sha256:59c123d0e948d760a5f930f316cfefa07e8d632ab84327c0693ee6a88171154f", size = 58619, upload-time = "2026-09-21T17:58:18.369Z" },
    { url = "https://files.pythonhosted.org/packages/dd/ee/51c45748acfce9cb69d89dcfcd09c874b385407fd6993e885d6905659865/multidict-6.9.1-cp315-cp315-win_arm64.whl", hash = "sha256:31199204b3ced121ff5407a2c342326a5d27e3870abbf94bd80dbd2451b7bc8f", size = 53969, upload-time = "2026-09-21T17:58:20.102Z" },
    { url = "https://files.pythonhosted.org/packages/aa/57/89d2d3dedfae2558853c1770c7cbcdfd5211eb4c4090b1e8cb570544a490/multidict-6.9.1-cp315-cp315t-macosx_10_15_universal2.whl", hash = "sha256:8879510a76940670517ea1cb589978da44b86e286ec3e50d664ef330817afce7", size = 107679, upload-time = "2026-09-21T17:58:21.98Z" },
    { url = "https://files.pythonhosted.org/packages/c8/df/0c2a28870181c1762f90952b897f6db46c934ce073efe0442604cbc276db/multidict-6.9.1-cp315-cp315t-macosx_10_15_x86_64.whl", hash = "sha256:aec65b53a07f580606593f877eefbb29a45939bfc0d3fe6e6d9f42b41b749f68", size = 64753, upload-time = "2026-09-21T17:58:23.622Z" },
    { url = "https://files.pythonhosted.org/packages/43/7e/9c6a3e7619459407d8958f7e56ab3dda7f0738f5aed9bb4ad48076e8de83/multidict-6.9.1-cp315-cp315t-macosx_11_0_arm64.whl", hash = "sha256:14c56f73e78faa1f68bbb826197cd5871994e70e841b8590829c35912ece5c64", size = 62732, upload-time = "2026-09-21T17:58:25.46Z" },
    { url = "https://files.pythonhosted.org/packages/38/eb/fd56c9d83ba0cdc3cf66f9acb278b24ef1f043b620b96d145685a3b57338/multidict-6.9.1-cp315-cp315t-manylinux1_i686.manylinux_2_28_i686.manylinux_2_5_i686.whl", hash = "sha256:38c9986f9ce50c459b10de216a05f4bd7ed5ac63887d56e500a52bb464b861ce", size = 288648, upload-time = "2026-09-21T17:58:27.115Z" },
    { url = "https://files.pythonhosted.org/packages/df/ef/51e79c2442b0f56ac4ac580108d713078b31297e028d468fc220971a305d/multidict-6.9.1-cp315-cp315t-manylinux2014_aarch64.manylinux_2_17_aarch64.manylinux_2_28_aarch64.whl", hash = "sha256:15db6a102cbaf1949cf028ecf080aac76d20bcd29ad4e092574db6c6b7af78a5", size = 304919, upload-time = "2026-09-21T17:58:29.143Z" },
    { url = "https://files.pythonhosted.org/packages/6f/e4/774700cc5739353fe88a7204ed30e78a9403d98d4bb2496cc91f096d2e71/multidict-6.9.1-cp315-cp315t-manylinux2014_armv7l.manylinux_2_17_armv7l.manylinux_2_31_armv7l.whl", hash = "sha256:bd82c4977196681a499bb6ca9e462afbc5c91c1c15b6a991dfbd72733fea4dd2", size = 289094, upload-time = "2026-09-21T17:58:30.938Z" },
    { url = "https://files.pythonhosted.org/packages/ca/41/0bec327bc3a8271825376b6d8a469d1f80e3ba1e2e730e019836e29663c3/multidict-6.9.1-cp315-cp315t-manylinux2014_ppc64le.manylinux_2_17_ppc64le.manylinux_2_28_ppc64le.whl", hash = "sha256:bb58ba73a3f96f9a3e46b1fab69929d7edbbddb3133ee74b5c3c54074a53c4f1", size = 312007, upload-time = "2026-09-21T17:58:32.964Z" },
    { url = "https://files.pythonhosted.org/packages/c3/7a/9906bf5f1fe20e8e755affccc1a69ecd8aebb079ac65386e5ffc8eefbe75/multidict-6.9.1-cp315-cp315t-manylinux2014_s390x.manylinux_2_17_s390x.manylinux_2_28_s390x.whl", hash = "sha256:7c6eecfab7ce4cd9487ff8ba936fe38cdfd68c04faf3d5c710363c6a8e695659", size = 314657, upload-time = "2026-09-21T17:58:35.285Z" },
    { url = "https://files.pythonhosted.org/packages/33/92/cf6d665a45663bbe216420fe632da10e9f4f842b07ce02bc3ddf8eb882b8/multidict-6.9.1-cp315-cp315t-manylinux2014_x86_64.manylinux_2_17_x86_64.manylinux_2_28_x86_64.whl", hash = "sha256:9c62e71e6289d78c0108d8aeb495f8bd3cad4bc1632fedddc9297ddf287ecc20", size = 301563, upload-time = "2026-09-21T17:58:37.472Z" },
    { url = "https://files.pythonhosted.org/packages/97/4c/9f1b7945526905d58b4b2d422e2ea81326dda71f9bdc9c32c8002639234a/multidict-6.9.1-cp315-cp315t-manylinux_2_31_riscv64.manylinux_2_39_riscv64.whl", hash = "sha256:539c2cd5fed0947c135cd7eabaaac55f48300dfa1de0f3ca4edb5efa6606f471", size = 278540, upload-time = "2026-09-21T17:58:39.551Z" },
    { url = "https://files.pythonhosted.org/packages/5c/d9/133aa472fc1be181de29a0c2e1c4cd778280882f532b404395f646742e46/multidict-6.9.1-cp315-cp315t-musllinux_1_2_aarch64.whl", hash = "sha256:3100d169ceb7bc8f05f89a6db11d1b21f119975fc26f29dc45a472e3569f0879", size = 294858, upload-time = "2026-09-21T17:58:41.791Z" },
    { url = "https://files.pythonhosted.org/packages/bd/38/21f2305dd20ac5038fa581b5d7e0d8dbbd70dc6b50231c22ec173dacddda/multidict-6.9.1-cp315-cp315t-musllinux_1_2_armv7l.whl", hash = "sha256:696477ad71385c4795e3b8e4cf10b0d2c28c2a1ca6a955e031cb1e62993e9ee3", size = 285461, upload-time = "2026-09-21T17:58:43.844Z" },
    { url = "https://files.pythonhosted.org/packages/ad/21/465a43c214d1d7e2d0c974e727d4b5935f8a0868838b5df9d0984c83c1dc/multidict-6.9.1-cp315-cp315t-musllinux_1_2_i686.whl", hash = "sha256:f5844e7befc707367807586f550fa97e23dcfef0728f02b98c7bc498a961a5df", size = 288964, upload-time = "2026-09-21T17:58:46.16Z" },
    { url = "https://files.pythonhosted.org/packages/2d/58/72a3e8d56c1e05146d2d1841dbaacf8986375eded1e5a58d30eef191a580/multidict-6.9.1-cp315-cp315t-musllinux_1_2_ppc64le.whl", hash = "sha256:abc7c2e4b47bfe6a9aea434d3fdebb9597ee636e914e92ba352f2068b9142f4c", size = 303924, upload-time = "2026-09-21T17:58:48.395Z" },
    { url = "https://files.pythonhosted.org/packages/6f/b9/911084c04530a682a54536b4f738d3992a593b5ff6fea1d6a1f02f3acc6b/multidict-6.9.1-cp315-cp315t-musllinux_1_2_riscv64.whl", hash = "sha256:7ab379f95caee071a37cbd8be86d4c65accc651d391f9f97748fef006f38769c", size = 278479, upload-time = "2026-09-21T17:58:50.494Z" },
    { url = "https://files.pythonhosted.org/packages/45/eb/9a333346c02c928a9e82534638bce85697c10c46b4901fcd70af19357356/multidict-6.9.1-cp315-cp315t-musllinux_1_2_s390x.whl", hash = "sha256:557a4e1708df428ebe6c3081c83a273d275dad2446ce0d81fc648ac71afdb18d", size = 301650, upload-time = "2026-09-21T17:58:52.554Z" },
    { url = "https://files.pythonhosted.org/packages/67/2f/1d936c4e45c8199db6082b6836e9182e31aa393de0de652637790831ca4b/multidict-6.9.1-cp315-cp315t-musllinux_1_2_x86_64.whl", hash = "sha256:475d04d5192eba487a3e2f935976340baa24529046e9c1c9c7a3b7bf80445ae1", size = 298024, upload-time = "2026-09-21T17:58:55.03Z" },
    { url = "https://files.pythonhosted.org/packages/a4/0c/ca62ae2882b89a4cfeb0bbca873a4afdb5fc32994c4f8a37a7cb52ede7a0/multidict-6.9.1-cp315-cp315t-win32.whl", hash = "sha256:10083a8a0f4e1b26b599889e90b9802504ce5d3f7722f925bbb7ca47dd22a7c1", size = 57810, upload-time = "2026-09-21T17:58:57.141Z" },
    { url = "https://files.pythonhosted.org/packages/02/8b/b2c2805c3eb6fa4cdf5512fb95ac6174dde71e34dd601c5be52f4df5dc82/multidict-6.9.1-cp315-cp315t-win_amd64.whl", hash = "sha256:e96ca64383efa107262ee3949f047af5ee4f1845ba09463466c04d35a83bd3ec", size = 64984, upload-time = "2026-09-21T17:58:59.446Z" },
    { url = "https://files.pythonhosted.org/packages/fd/34/03f1d204d698c408f4754c969882609b6b7a902c0e3d16a7033f219cdeda/multidict-6.9.1-cp315-cp315t-win_arm64.whl", hash = "sha256:501ed8b02a5990c67a91c732843609d43a6be1f7576fcdfc867331239f37fbd3", size = 58742, upload-time = "2026-09-21T17:59:01.726Z" },
    { url = "https://files.pythonhosted.org/packages/be/59/e26cb779be4c591d1a910f59d29aca9fba4de70349840a833beba2652371/multidict-6.9.1-py3-none-any.whl", hash = "sha256:7bf6478188f4e47bf5686e8a33da4ae28bf43b1b2528d9ee144d28492bfac60b", size = 19176, upload-time = "2026-09-21T17:59:03.501Z" },
]

[[package]]
name = "pythonproject1"
version = "0.1.0"
source = { virtual = "." }
dependencies = [
    { name = "betterproto" },
]

[package.metadata]
requires-dist = [{ name = "betterproto", specifier = ">=1.2.5" }]

[[package]]
name = "stringcase"
version = "1.2.0"
source = { registry = "https://pypi.org/simple" }
sdist = { url = "https://files.pythonhosted.org/packages/f3/1f/1241aa3d66e8dc1612427b17885f5fcd9c9ee3079fc0d28e9a3aeeb36fa3/stringcase-1.2.0.tar.gz", hash = "sha256:48a06980661908efe8d9d34eab2b6c13aefa2163b3ced26972902e3bdfd87008", size = 2958, upload-time = "2017-08-06T01:40:57.021Z" }
